// !$*UTF8*$!
{
	archiveVersion = 1;
	classes = {
	};
	objectVersion = 51;
	objects = {

/* Begin PBXBuildFile section */
		DE591B8923FA100500E68BA7 /* AppDelegate.swift in Sources */ = {isa = PBXBuildFile; fileRef = DE591B8823FA100500E68BA7 /* AppDelegate.swift */; };
		DE591B9023FA100500E68BA7 /* Main.storyboard in Resources */ = {isa = PBXBuildFile; fileRef = DE591B8E23FA100500E68BA7 /* Main.storyboard */; };
		DE591B9223FA100600E68BA7 /* Assets.xcassets in Resources */ = {isa = PBXBuildFile; fileRef = DE591B9123FA100600E68BA7 /* Assets.xcassets */; };
		DE591B9523FA100600E68BA7 /* LaunchScreen.storyboard in Resources */ = {isa = PBXBuildFile; fileRef = DE591B9323FA100600E68BA7 /* LaunchScreen.storyboard */; };
		DE591B9F23FA10B900E68BA7 /* Tag.swift in Sources */ = {isa = PBXBuildFile; fileRef = DE591B9E23FA10B900E68BA7 /* Tag.swift */; };
		DE591BA123FA10E600E68BA7 /* Item.swift in Sources */ = {isa = PBXBuildFile; fileRef = DE591BA023FA10E600E68BA7 /* Item.swift */; };
		DE591BA523FA118800E68BA7 /* TagRepository.swift in Sources */ = {isa = PBXBuildFile; fileRef = DE591BA423FA118800E68BA7 /* TagRepository.swift */; };
		DE591BA823FA119B00E68BA7 /* ItemRepository.swift in Sources */ = {isa = PBXBuildFile; fileRef = DE591BA723FA119B00E68BA7 /* ItemRepository.swift */; };
		DE591BAC23FA12D200E68BA7 /* RemoteServiceProtocol.swift in Sources */ = {isa = PBXBuildFile; fileRef = DE591BAB23FA12D200E68BA7 /* RemoteServiceProtocol.swift */; };
		DE591BAE23FA131E00E68BA7 /* Endpointed.swift in Sources */ = {isa = PBXBuildFile; fileRef = DE591BAD23FA131E00E68BA7 /* Endpointed.swift */; };
		DE591BB023FA135300E68BA7 /* HTTPMethod+HTTPSchema.swift in Sources */ = {isa = PBXBuildFile; fileRef = DE591BAF23FA135300E68BA7 /* HTTPMethod+HTTPSchema.swift */; };
		DE591BB223FA14F600E68BA7 /* RemoteServiceError.swift in Sources */ = {isa = PBXBuildFile; fileRef = DE591BB123FA14F600E68BA7 /* RemoteServiceError.swift */; };
		DE591BB523FA162100E68BA7 /* ElmenusEndPoints.swift in Sources */ = {isa = PBXBuildFile; fileRef = DE591BB423FA162100E68BA7 /* ElmenusEndPoints.swift */; };
		DE591BB823FA1DA800E68BA7 /* AppConstants.swift in Sources */ = {isa = PBXBuildFile; fileRef = DE591BB723FA1DA800E68BA7 /* AppConstants.swift */; };
		DE591BBA23FA24EC00E68BA7 /* TagsRemoteService.swift in Sources */ = {isa = PBXBuildFile; fileRef = DE591BB923FA24EC00E68BA7 /* TagsRemoteService.swift */; };
		DE591BBD23FA265800E68BA7 /* TagsWrapper.swift in Sources */ = {isa = PBXBuildFile; fileRef = DE591BBC23FA265800E68BA7 /* TagsWrapper.swift */; };
		DE591BC023FA2A3500E68BA7 /* ItemsRemoteService.swift in Sources */ = {isa = PBXBuildFile; fileRef = DE591BBF23FA2A3500E68BA7 /* ItemsRemoteService.swift */; };
		DE591BC323FAAD0400E68BA7 /* AppStartupCoordinator.swift in Sources */ = {isa = PBXBuildFile; fileRef = DE591BC223FAAD0400E68BA7 /* AppStartupCoordinator.swift */; };
		DE591BC623FAAD3300E68BA7 /* AppStartupRoute.swift in Sources */ = {isa = PBXBuildFile; fileRef = DE591BC523FAAD3300E68BA7 /* AppStartupRoute.swift */; };
		DE591BCB23FAAE7000E68BA7 /* MenuViewController.swift in Sources */ = {isa = PBXBuildFile; fileRef = DE591BCA23FAAE7000E68BA7 /* MenuViewController.swift */; };
		DE591BCD23FAAE8000E68BA7 /* MenuViewModel.swift in Sources */ = {isa = PBXBuildFile; fileRef = DE591BCC23FAAE8000E68BA7 /* MenuViewModel.swift */; };
		DE591BCF23FAAEA100E68BA7 /* MenuViewModelProtocol.swift in Sources */ = {isa = PBXBuildFile; fileRef = DE591BCE23FAAEA100E68BA7 /* MenuViewModelProtocol.swift */; };
		DE591BD223FAAF4E00E68BA7 /* BindableType.swift in Sources */ = {isa = PBXBuildFile; fileRef = DE591BD123FAAF4E00E68BA7 /* BindableType.swift */; };
		DE591BD423FAB0AB00E68BA7 /* Storyboards.swift in Sources */ = {isa = PBXBuildFile; fileRef = DE591BD323FAB0AB00E68BA7 /* Storyboards.swift */; };
		DE591BDC23FAB5C200E68BA7 /* TagCell.swift in Sources */ = {isa = PBXBuildFile; fileRef = DE591BDA23FAB5C200E68BA7 /* TagCell.swift */; };
		DE591BDD23FAB5C300E68BA7 /* TagCell.xib in Resources */ = {isa = PBXBuildFile; fileRef = DE591BDB23FAB5C200E68BA7 /* TagCell.xib */; };
		DE591BDF23FAB76300E68BA7 /* TagViewModel.swift in Sources */ = {isa = PBXBuildFile; fileRef = DE591BDE23FAB76300E68BA7 /* TagViewModel.swift */; };
		DE591BE323FABA1000E68BA7 /* ItemCell.swift in Sources */ = {isa = PBXBuildFile; fileRef = DE591BE123FABA1000E68BA7 /* ItemCell.swift */; };
		DE591BE423FABA1000E68BA7 /* ItemCell.xib in Resources */ = {isa = PBXBuildFile; fileRef = DE591BE223FABA1000E68BA7 /* ItemCell.xib */; };
		DE591BE623FABBF500E68BA7 /* ItemViewModel.swift in Sources */ = {isa = PBXBuildFile; fileRef = DE591BE523FABBF500E68BA7 /* ItemViewModel.swift */; };
		DE591BE823FABD6700E68BA7 /* UIView+typeName.swift in Sources */ = {isa = PBXBuildFile; fileRef = DE591BE723FABD6700E68BA7 /* UIView+typeName.swift */; };
		F808ABACDFFC9FBBAC253274 /* Pods_elmenus.framework in Frameworks */ = {isa = PBXBuildFile; fileRef = AE0A61423E5E7E41712C5538 /* Pods_elmenus.framework */; };
/* End PBXBuildFile section */

/* Begin PBXFileReference section */
		AE0A61423E5E7E41712C5538 /* Pods_elmenus.framework */ = {isa = PBXFileReference; explicitFileType = wrapper.framework; includeInIndex = 0; path = Pods_elmenus.framework; sourceTree = BUILT_PRODUCTS_DIR; };
		B8FDB06EF1727B77BB2C70A0 /* Pods-elmenus.release.xcconfig */ = {isa = PBXFileReference; includeInIndex = 1; lastKnownFileType = text.xcconfig; name = "Pods-elmenus.release.xcconfig"; path = "Target Support Files/Pods-elmenus/Pods-elmenus.release.xcconfig"; sourceTree = "<group>"; };
		CB1CA6663338A4BACF3DFAE5 /* Pods-elmenus.debug.xcconfig */ = {isa = PBXFileReference; includeInIndex = 1; lastKnownFileType = text.xcconfig; name = "Pods-elmenus.debug.xcconfig"; path = "Target Support Files/Pods-elmenus/Pods-elmenus.debug.xcconfig"; sourceTree = "<group>"; };
		DE591B8523FA100500E68BA7 /* elmenus.app */ = {isa = PBXFileReference; explicitFileType = wrapper.application; includeInIndex = 0; path = elmenus.app; sourceTree = BUILT_PRODUCTS_DIR; };
		DE591B8823FA100500E68BA7 /* AppDelegate.swift */ = {isa = PBXFileReference; lastKnownFileType = sourcecode.swift; path = AppDelegate.swift; sourceTree = "<group>"; };
		DE591B8F23FA100500E68BA7 /* Base */ = {isa = PBXFileReference; lastKnownFileType = file.storyboard; name = Base; path = Base.lproj/Main.storyboard; sourceTree = "<group>"; };
		DE591B9123FA100600E68BA7 /* Assets.xcassets */ = {isa = PBXFileReference; lastKnownFileType = folder.assetcatalog; path = Assets.xcassets; sourceTree = "<group>"; };
		DE591B9423FA100600E68BA7 /* Base */ = {isa = PBXFileReference; lastKnownFileType = file.storyboard; name = Base; path = Base.lproj/LaunchScreen.storyboard; sourceTree = "<group>"; };
		DE591B9623FA100600E68BA7 /* Info.plist */ = {isa = PBXFileReference; lastKnownFileType = text.plist.xml; path = Info.plist; sourceTree = "<group>"; };
		DE591B9E23FA10B900E68BA7 /* Tag.swift */ = {isa = PBXFileReference; lastKnownFileType = sourcecode.swift; path = Tag.swift; sourceTree = "<group>"; };
		DE591BA023FA10E600E68BA7 /* Item.swift */ = {isa = PBXFileReference; lastKnownFileType = sourcecode.swift; path = Item.swift; sourceTree = "<group>"; };
		DE591BA423FA118800E68BA7 /* TagRepository.swift */ = {isa = PBXFileReference; lastKnownFileType = sourcecode.swift; path = TagRepository.swift; sourceTree = "<group>"; };
		DE591BA723FA119B00E68BA7 /* ItemRepository.swift */ = {isa = PBXFileReference; lastKnownFileType = sourcecode.swift; path = ItemRepository.swift; sourceTree = "<group>"; };
		DE591BAB23FA12D200E68BA7 /* RemoteServiceProtocol.swift */ = {isa = PBXFileReference; lastKnownFileType = sourcecode.swift; path = RemoteServiceProtocol.swift; sourceTree = "<group>"; };
		DE591BAD23FA131E00E68BA7 /* Endpointed.swift */ = {isa = PBXFileReference; lastKnownFileType = sourcecode.swift; path = Endpointed.swift; sourceTree = "<group>"; };
		DE591BAF23FA135300E68BA7 /* HTTPMethod+HTTPSchema.swift */ = {isa = PBXFileReference; lastKnownFileType = sourcecode.swift; path = "HTTPMethod+HTTPSchema.swift"; sourceTree = "<group>"; };
		DE591BB123FA14F600E68BA7 /* RemoteServiceError.swift */ = {isa = PBXFileReference; lastKnownFileType = sourcecode.swift; path = RemoteServiceError.swift; sourceTree = "<group>"; };
		DE591BB423FA162100E68BA7 /* ElmenusEndPoints.swift */ = {isa = PBXFileReference; lastKnownFileType = sourcecode.swift; path = ElmenusEndPoints.swift; sourceTree = "<group>"; };
		DE591BB723FA1DA800E68BA7 /* AppConstants.swift */ = {isa = PBXFileReference; lastKnownFileType = sourcecode.swift; path = AppConstants.swift; sourceTree = "<group>"; };
		DE591BB923FA24EC00E68BA7 /* TagsRemoteService.swift */ = {isa = PBXFileReference; lastKnownFileType = sourcecode.swift; path = TagsRemoteService.swift; sourceTree = "<group>"; };
		DE591BBC23FA265800E68BA7 /* TagsWrapper.swift */ = {isa = PBXFileReference; lastKnownFileType = sourcecode.swift; path = TagsWrapper.swift; sourceTree = "<group>"; };
		DE591BBF23FA2A3500E68BA7 /* ItemsRemoteService.swift */ = {isa = PBXFileReference; lastKnownFileType = sourcecode.swift; path = ItemsRemoteService.swift; sourceTree = "<group>"; };
		DE591BC223FAAD0400E68BA7 /* AppStartupCoordinator.swift */ = {isa = PBXFileReference; lastKnownFileType = sourcecode.swift; path = AppStartupCoordinator.swift; sourceTree = "<group>"; };
		DE591BC523FAAD3300E68BA7 /* AppStartupRoute.swift */ = {isa = PBXFileReference; lastKnownFileType = sourcecode.swift; path = AppStartupRoute.swift; sourceTree = "<group>"; };
		DE591BCA23FAAE7000E68BA7 /* MenuViewController.swift */ = {isa = PBXFileReference; lastKnownFileType = sourcecode.swift; path = MenuViewController.swift; sourceTree = "<group>"; };
		DE591BCC23FAAE8000E68BA7 /* MenuViewModel.swift */ = {isa = PBXFileReference; lastKnownFileType = sourcecode.swift; path = MenuViewModel.swift; sourceTree = "<group>"; };
		DE591BCE23FAAEA100E68BA7 /* MenuViewModelProtocol.swift */ = {isa = PBXFileReference; lastKnownFileType = sourcecode.swift; path = MenuViewModelProtocol.swift; sourceTree = "<group>"; };
		DE591BD123FAAF4E00E68BA7 /* BindableType.swift */ = {isa = PBXFileReference; lastKnownFileType = sourcecode.swift; path = BindableType.swift; sourceTree = "<group>"; };
		DE591BD323FAB0AB00E68BA7 /* Storyboards.swift */ = {isa = PBXFileReference; lastKnownFileType = sourcecode.swift; path = Storyboards.swift; sourceTree = "<group>"; };
		DE591BDA23FAB5C200E68BA7 /* TagCell.swift */ = {isa = PBXFileReference; lastKnownFileType = sourcecode.swift; path = TagCell.swift; sourceTree = "<group>"; };
		DE591BDB23FAB5C200E68BA7 /* TagCell.xib */ = {isa = PBXFileReference; lastKnownFileType = file.xib; path = TagCell.xib; sourceTree = "<group>"; };
		DE591BDE23FAB76300E68BA7 /* TagViewModel.swift */ = {isa = PBXFileReference; lastKnownFileType = sourcecode.swift; path = TagViewModel.swift; sourceTree = "<group>"; };
		DE591BE123FABA1000E68BA7 /* ItemCell.swift */ = {isa = PBXFileReference; lastKnownFileType = sourcecode.swift; path = ItemCell.swift; sourceTree = "<group>"; };
		DE591BE223FABA1000E68BA7 /* ItemCell.xib */ = {isa = PBXFileReference; lastKnownFileType = file.xib; path = ItemCell.xib; sourceTree = "<group>"; };
		DE591BE523FABBF500E68BA7 /* ItemViewModel.swift */ = {isa = PBXFileReference; lastKnownFileType = sourcecode.swift; path = ItemViewModel.swift; sourceTree = "<group>"; };
		DE591BE723FABD6700E68BA7 /* UIView+typeName.swift */ = {isa = PBXFileReference; lastKnownFileType = sourcecode.swift; path = "UIView+typeName.swift"; sourceTree = "<group>"; };
/* End PBXFileReference section */

/* Begin PBXFrameworksBuildPhase section */
		DE591B8223FA100500E68BA7 /* Frameworks */ = {
			isa = PBXFrameworksBuildPhase;
			buildActionMask = 2147483647;
			files = (
				F808ABACDFFC9FBBAC253274 /* Pods_elmenus.framework in Frameworks */,
			);
			runOnlyForDeploymentPostprocessing = 0;
		};
/* End PBXFrameworksBuildPhase section */

/* Begin PBXGroup section */
		D6D7C31404DE76118D128CBA /* Pods */ = {
			isa = PBXGroup;
			children = (
				CB1CA6663338A4BACF3DFAE5 /* Pods-elmenus.debug.xcconfig */,
				B8FDB06EF1727B77BB2C70A0 /* Pods-elmenus.release.xcconfig */,
			);
			path = Pods;
			sourceTree = "<group>";
		};
		DE591B7C23FA100400E68BA7 = {
			isa = PBXGroup;
			children = (
				DE591B8723FA100500E68BA7 /* elmenus */,
				DE591B8623FA100500E68BA7 /* Products */,
				D6D7C31404DE76118D128CBA /* Pods */,
				FF40E4F93BAB4B66AE381BAF /* Frameworks */,
			);
			sourceTree = "<group>";
		};
		DE591B8623FA100500E68BA7 /* Products */ = {
			isa = PBXGroup;
			children = (
				DE591B8523FA100500E68BA7 /* elmenus.app */,
			);
			name = Products;
			sourceTree = "<group>";
		};
		DE591B8723FA100500E68BA7 /* elmenus */ = {
			isa = PBXGroup;
			children = (
				DE591BC123FAACD800E68BA7 /* Coordinator */,
				DE591BD023FAAF4300E68BA7 /* Library */,
				DE591BC723FAAE1200E68BA7 /* Modules */,
				DE591BB623FA1D9900E68BA7 /* Application */,
				DE591BA223FA115000E68BA7 /* Persistence */,
				DE591B9D23FA109700E68BA7 /* Model */,
				DE591BD523FAB2C500E68BA7 /* App */,
				DE591B8E23FA100500E68BA7 /* Main.storyboard */,
				DE591B9123FA100600E68BA7 /* Assets.xcassets */,
				DE591B9323FA100600E68BA7 /* LaunchScreen.storyboard */,
				DE591B9623FA100600E68BA7 /* Info.plist */,
			);
			path = elmenus;
			sourceTree = "<group>";
		};
		DE591B9D23FA109700E68BA7 /* Model */ = {
			isa = PBXGroup;
			children = (
				DE591B9E23FA10B900E68BA7 /* Tag.swift */,
				DE591BA023FA10E600E68BA7 /* Item.swift */,
			);
			path = Model;
			sourceTree = "<group>";
		};
		DE591BA223FA115000E68BA7 /* Persistence */ = {
			isa = PBXGroup;
			children = (
				DE591BA323FA117200E68BA7 /* Repository */,
			);
			path = Persistence;
			sourceTree = "<group>";
		};
		DE591BA323FA117200E68BA7 /* Repository */ = {
			isa = PBXGroup;
			children = (
				DE591BA723FA119B00E68BA7 /* ItemRepository.swift */,
				DE591BA423FA118800E68BA7 /* TagRepository.swift */,
				DE591BA923FA11E500E68BA7 /* RemoteService */,
				DE591BAA23FA11EE00E68BA7 /* LocalService */,
			);
			path = Repository;
			sourceTree = "<group>";
		};
		DE591BA923FA11E500E68BA7 /* RemoteService */ = {
			isa = PBXGroup;
			children = (
				DE591BB323FA15F400E68BA7 /* ElmenusAPIServices */,
				DE591BAB23FA12D200E68BA7 /* RemoteServiceProtocol.swift */,
				DE591BAD23FA131E00E68BA7 /* Endpointed.swift */,
				DE591BAF23FA135300E68BA7 /* HTTPMethod+HTTPSchema.swift */,
				DE591BB123FA14F600E68BA7 /* RemoteServiceError.swift */,
			);
			path = RemoteService;
			sourceTree = "<group>";
		};
		DE591BAA23FA11EE00E68BA7 /* LocalService */ = {
			isa = PBXGroup;
			children = (
			);
			path = LocalService;
			sourceTree = "<group>";
		};
		DE591BB323FA15F400E68BA7 /* ElmenusAPIServices */ = {
			isa = PBXGroup;
			children = (
				DE591BBB23FA263D00E68BA7 /* DTO */,
				DE591BB423FA162100E68BA7 /* ElmenusEndPoints.swift */,
				DE591BB923FA24EC00E68BA7 /* TagsRemoteService.swift */,
				DE591BBF23FA2A3500E68BA7 /* ItemsRemoteService.swift */,
			);
			path = ElmenusAPIServices;
			sourceTree = "<group>";
		};
		DE591BB623FA1D9900E68BA7 /* Application */ = {
			isa = PBXGroup;
			children = (
				DE591BB723FA1DA800E68BA7 /* AppConstants.swift */,
			);
			path = Application;
			sourceTree = "<group>";
		};
		DE591BBB23FA263D00E68BA7 /* DTO */ = {
			isa = PBXGroup;
			children = (
				DE591BBC23FA265800E68BA7 /* TagsWrapper.swift */,
			);
			path = DTO;
			sourceTree = "<group>";
		};
		DE591BC123FAACD800E68BA7 /* Coordinator */ = {
			isa = PBXGroup;
			children = (
				DE591BC423FAAD1E00E68BA7 /* Routes */,
				DE591BC223FAAD0400E68BA7 /* AppStartupCoordinator.swift */,
			);
			path = Coordinator;
			sourceTree = "<group>";
		};
		DE591BC423FAAD1E00E68BA7 /* Routes */ = {
			isa = PBXGroup;
			children = (
				DE591BC523FAAD3300E68BA7 /* AppStartupRoute.swift */,
			);
			path = Routes;
			sourceTree = "<group>";
		};
		DE591BC723FAAE1200E68BA7 /* Modules */ = {
			isa = PBXGroup;
			children = (
				DE591BE023FAB9E700E68BA7 /* ItemCell */,
				DE591BD623FAB57500E68BA7 /* TagCell */,
				DE591BC823FAAE3400E68BA7 /* Menu */,
			);
			path = Modules;
			sourceTree = "<group>";
		};
		DE591BC823FAAE3400E68BA7 /* Menu */ = {
			isa = PBXGroup;
			children = (
				DE591BCA23FAAE7000E68BA7 /* MenuViewController.swift */,
				DE591BCC23FAAE8000E68BA7 /* MenuViewModel.swift */,
				DE591BCE23FAAEA100E68BA7 /* MenuViewModelProtocol.swift */,
			);
			path = Menu;
			sourceTree = "<group>";
		};
		DE591BD023FAAF4300E68BA7 /* Library */ = {
			isa = PBXGroup;
			children = (
				DE591BD123FAAF4E00E68BA7 /* BindableType.swift */,
				DE591BD323FAB0AB00E68BA7 /* Storyboards.swift */,
				DE591BE723FABD6700E68BA7 /* UIView+typeName.swift */,
			);
			path = Library;
			sourceTree = "<group>";
		};
		DE591BD523FAB2C500E68BA7 /* App */ = {
			isa = PBXGroup;
			children = (
				DE591B8823FA100500E68BA7 /* AppDelegate.swift */,
			);
			path = App;
			sourceTree = "<group>";
		};
		DE591BD623FAB57500E68BA7 /* TagCell */ = {
			isa = PBXGroup;
			children = (
				DE591BDA23FAB5C200E68BA7 /* TagCell.swift */,
				DE591BDB23FAB5C200E68BA7 /* TagCell.xib */,
				DE591BDE23FAB76300E68BA7 /* TagViewModel.swift */,
			);
			path = TagCell;
			sourceTree = "<group>";
		};
		DE591BE023FAB9E700E68BA7 /* ItemCell */ = {
			isa = PBXGroup;
			children = (
				DE591BE123FABA1000E68BA7 /* ItemCell.swift */,
				DE591BE223FABA1000E68BA7 /* ItemCell.xib */,
				DE591BE523FABBF500E68BA7 /* ItemViewModel.swift */,
			);
			path = ItemCell;
			sourceTree = "<group>";
		};
		FF40E4F93BAB4B66AE381BAF /* Frameworks */ = {
			isa = PBXGroup;
			children = (
				AE0A61423E5E7E41712C5538 /* Pods_elmenus.framework */,
			);
			name = Frameworks;
			sourceTree = "<group>";
		};
/* End PBXGroup section */

/* Begin PBXNativeTarget section */
		DE591B8423FA100500E68BA7 /* elmenus */ = {
			isa = PBXNativeTarget;
			buildConfigurationList = DE591B9923FA100600E68BA7 /* Build configuration list for PBXNativeTarget "elmenus" */;
			buildPhases = (
				98D8423C712160879C97DF4C /* [CP] Check Pods Manifest.lock */,
				DE591B8123FA100500E68BA7 /* Sources */,
				DE591B8223FA100500E68BA7 /* Frameworks */,
				DE591B8323FA100500E68BA7 /* Resources */,
				45E624F30E893904AF67DF05 /* [CP] Embed Pods Frameworks */,
			);
			buildRules = (
			);
			dependencies = (
			);
			name = elmenus;
			productName = elmenus;
			productReference = DE591B8523FA100500E68BA7 /* elmenus.app */;
			productType = "com.apple.product-type.application";
		};
/* End PBXNativeTarget section */

/* Begin PBXProject section */
		DE591B7D23FA100500E68BA7 /* Project object */ = {
			isa = PBXProject;
			attributes = {
				LastSwiftUpdateCheck = 1110;
				LastUpgradeCheck = 1110;
				ORGANIZATIONNAME = "Ahmed Madian";
				TargetAttributes = {
					DE591B8423FA100500E68BA7 = {
						CreatedOnToolsVersion = 11.1;
					};
				};
			};
			buildConfigurationList = DE591B8023FA100500E68BA7 /* Build configuration list for PBXProject "elmenus" */;
			compatibilityVersion = "Xcode 9.3";
			developmentRegion = en;
			hasScannedForEncodings = 0;
			knownRegions = (
				en,
				Base,
			);
			mainGroup = DE591B7C23FA100400E68BA7;
			productRefGroup = DE591B8623FA100500E68BA7 /* Products */;
			projectDirPath = "";
			projectRoot = "";
			targets = (
				DE591B8423FA100500E68BA7 /* elmenus */,
			);
		};
/* End PBXProject section */

/* Begin PBXResourcesBuildPhase section */
		DE591B8323FA100500E68BA7 /* Resources */ = {
			isa = PBXResourcesBuildPhase;
			buildActionMask = 2147483647;
			files = (
				DE591BDD23FAB5C300E68BA7 /* TagCell.xib in Resources */,
				DE591B9523FA100600E68BA7 /* LaunchScreen.storyboard in Resources */,
				DE591BE423FABA1000E68BA7 /* ItemCell.xib in Resources */,
				DE591B9223FA100600E68BA7 /* Assets.xcassets in Resources */,
				DE591B9023FA100500E68BA7 /* Main.storyboard in Resources */,
			);
			runOnlyForDeploymentPostprocessing = 0;
		};
/* End PBXResourcesBuildPhase section */

/* Begin PBXShellScriptBuildPhase section */
		45E624F30E893904AF67DF05 /* [CP] Embed Pods Frameworks */ = {
			isa = PBXShellScriptBuildPhase;
			buildActionMask = 2147483647;
			files = (
			);
			inputFileListPaths = (
				"${PODS_ROOT}/Target Support Files/Pods-elmenus/Pods-elmenus-frameworks-${CONFIGURATION}-input-files.xcfilelist",
			);
			name = "[CP] Embed Pods Frameworks";
			outputFileListPaths = (
				"${PODS_ROOT}/Target Support Files/Pods-elmenus/Pods-elmenus-frameworks-${CONFIGURATION}-output-files.xcfilelist",
			);
			runOnlyForDeploymentPostprocessing = 0;
			shellPath = /bin/sh;
			shellScript = "\"${PODS_ROOT}/Target Support Files/Pods-elmenus/Pods-elmenus-frameworks.sh\"\n";
			showEnvVarsInLog = 0;
		};
		98D8423C712160879C97DF4C /* [CP] Check Pods Manifest.lock */ = {
			isa = PBXShellScriptBuildPhase;
			buildActionMask = 2147483647;
			files = (
			);
			inputFileListPaths = (
			);
			inputPaths = (
				"${PODS_PODFILE_DIR_PATH}/Podfile.lock",
				"${PODS_ROOT}/Manifest.lock",
			);
			name = "[CP] Check Pods Manifest.lock";
			outputFileListPaths = (
			);
			outputPaths = (
				"$(DERIVED_FILE_DIR)/Pods-elmenus-checkManifestLockResult.txt",
			);
			runOnlyForDeploymentPostprocessing = 0;
			shellPath = /bin/sh;
			shellScript = "diff \"${PODS_PODFILE_DIR_PATH}/Podfile.lock\" \"${PODS_ROOT}/Manifest.lock\" > /dev/null\nif [ $? != 0 ] ; then\n    # print error to STDERR\n    echo \"error: The sandbox is not in sync with the Podfile.lock. Run 'pod install' or update your CocoaPods installation.\" >&2\n    exit 1\nfi\n# This output is used by Xcode 'outputs' to avoid re-running this script phase.\necho \"SUCCESS\" > \"${SCRIPT_OUTPUT_FILE_0}\"\n";
			showEnvVarsInLog = 0;
		};
/* End PBXShellScriptBuildPhase section */

/* Begin PBXSourcesBuildPhase section */
		DE591B8123FA100500E68BA7 /* Sources */ = {
			isa = PBXSourcesBuildPhase;
			buildActionMask = 2147483647;
			files = (
				DE591BDC23FAB5C200E68BA7 /* TagCell.swift in Sources */,
				DE591BA123FA10E600E68BA7 /* Item.swift in Sources */,
				DE591BAE23FA131E00E68BA7 /* Endpointed.swift in Sources */,
				DE591BD423FAB0AB00E68BA7 /* Storyboards.swift in Sources */,
				DE591BC023FA2A3500E68BA7 /* ItemsRemoteService.swift in Sources */,
				DE591BCD23FAAE8000E68BA7 /* MenuViewModel.swift in Sources */,
				DE591B9F23FA10B900E68BA7 /* Tag.swift in Sources */,
				DE591BB023FA135300E68BA7 /* HTTPMethod+HTTPSchema.swift in Sources */,
				DE591BE323FABA1000E68BA7 /* ItemCell.swift in Sources */,
				DE591B8923FA100500E68BA7 /* AppDelegate.swift in Sources */,
				DE591BCF23FAAEA100E68BA7 /* MenuViewModelProtocol.swift in Sources */,
				DE591BA523FA118800E68BA7 /* TagRepository.swift in Sources */,
				DE591BAC23FA12D200E68BA7 /* RemoteServiceProtocol.swift in Sources */,
				DE591BBD23FA265800E68BA7 /* TagsWrapper.swift in Sources */,
				DE591BA823FA119B00E68BA7 /* ItemRepository.swift in Sources */,
				DE591BB823FA1DA800E68BA7 /* AppConstants.swift in Sources */,
				DE591BB223FA14F600E68BA7 /* RemoteServiceError.swift in Sources */,
				DE591BDF23FAB76300E68BA7 /* TagViewModel.swift in Sources */,
				DE591BCB23FAAE7000E68BA7 /* MenuViewController.swift in Sources */,
				DE591BB523FA162100E68BA7 /* ElmenusEndPoints.swift in Sources */,
				DE591BC623FAAD3300E68BA7 /* AppStartupRoute.swift in Sources */,
				DE591BE823FABD6700E68BA7 /* UIView+typeName.swift in Sources */,
				DE591BC323FAAD0400E68BA7 /* AppStartupCoordinator.swift in Sources */,
				DE591BD223FAAF4E00E68BA7 /* BindableType.swift in Sources */,
				DE591BE623FABBF500E68BA7 /* ItemViewModel.swift in Sources */,
				DE591BBA23FA24EC00E68BA7 /* TagsRemoteService.swift in Sources */,
			);
			runOnlyForDeploymentPostprocessing = 0;
		};
/* End PBXSourcesBuildPhase section */

/* Begin PBXVariantGroup section */
		DE591B8E23FA100500E68BA7 /* Main.storyboard */ = {
			isa = PBXVariantGroup;
			children = (
				DE591B8F23FA100500E68BA7 /* Base */,
			);
			name = Main.storyboard;
			sourceTree = "<group>";
		};
		DE591B9323FA100600E68BA7 /* LaunchScreen.storyboard */ = {
			isa = PBXVariantGroup;
			children = (
				DE591B9423FA100600E68BA7 /* Base */,
			);
			name = LaunchScreen.storyboard;
			sourceTree = "<group>";
		};
/* End PBXVariantGroup section */

/* Begin XCBuildConfiguration section */
		DE591B9723FA100600E68BA7 /* Debug */ = {
			isa = XCBuildConfiguration;
			buildSettings = {
				ALWAYS_SEARCH_USER_PATHS = NO;
				CLANG_ANALYZER_NONNULL = YES;
				CLANG_ANALYZER_NUMBER_OBJECT_CONVERSION = YES_AGGRESSIVE;
				CLANG_CXX_LANGUAGE_STANDARD = "gnu++14";
				CLANG_CXX_LIBRARY = "libc++";
				CLANG_ENABLE_MODULES = YES;
				CLANG_ENABLE_OBJC_ARC = YES;
				CLANG_ENABLE_OBJC_WEAK = YES;
				CLANG_WARN_BLOCK_CAPTURE_AUTORELEASING = YES;
				CLANG_WARN_BOOL_CONVERSION = YES;
				CLANG_WARN_COMMA = YES;
				CLANG_WARN_CONSTANT_CONVERSION = YES;
				CLANG_WARN_DEPRECATED_OBJC_IMPLEMENTATIONS = YES;
				CLANG_WARN_DIRECT_OBJC_ISA_USAGE = YES_ERROR;
				CLANG_WARN_DOCUMENTATION_COMMENTS = YES;
				CLANG_WARN_EMPTY_BODY = YES;
				CLANG_WARN_ENUM_CONVERSION = YES;
				CLANG_WARN_INFINITE_RECURSION = YES;
				CLANG_WARN_INT_CONVERSION = YES;
				CLANG_WARN_NON_LITERAL_NULL_CONVERSION = YES;
				CLANG_WARN_OBJC_IMPLICIT_RETAIN_SELF = YES;
				CLANG_WARN_OBJC_LITERAL_CONVERSION = YES;
				CLANG_WARN_OBJC_ROOT_CLASS = YES_ERROR;
				CLANG_WARN_RANGE_LOOP_ANALYSIS = YES;
				CLANG_WARN_STRICT_PROTOTYPES = YES;
				CLANG_WARN_SUSPICIOUS_MOVE = YES;
				CLANG_WARN_UNGUARDED_AVAILABILITY = YES_AGGRESSIVE;
				CLANG_WARN_UNREACHABLE_CODE = YES;
				CLANG_WARN__DUPLICATE_METHOD_MATCH = YES;
				COPY_PHASE_STRIP = NO;
				DEBUG_INFORMATION_FORMAT = dwarf;
				ENABLE_STRICT_OBJC_MSGSEND = YES;
				ENABLE_TESTABILITY = YES;
				GCC_C_LANGUAGE_STANDARD = gnu11;
				GCC_DYNAMIC_NO_PIC = NO;
				GCC_NO_COMMON_BLOCKS = YES;
				GCC_OPTIMIZATION_LEVEL = 0;
				GCC_PREPROCESSOR_DEFINITIONS = (
					"DEBUG=1",
					"$(inherited)",
				);
				GCC_WARN_64_TO_32_BIT_CONVERSION = YES;
				GCC_WARN_ABOUT_RETURN_TYPE = YES_ERROR;
				GCC_WARN_UNDECLARED_SELECTOR = YES;
				GCC_WARN_UNINITIALIZED_AUTOS = YES_AGGRESSIVE;
				GCC_WARN_UNUSED_FUNCTION = YES;
				GCC_WARN_UNUSED_VARIABLE = YES;
				IPHONEOS_DEPLOYMENT_TARGET = 13.1;
				MTL_ENABLE_DEBUG_INFO = INCLUDE_SOURCE;
				MTL_FAST_MATH = YES;
				ONLY_ACTIVE_ARCH = YES;
				SDKROOT = iphoneos;
				SWIFT_ACTIVE_COMPILATION_CONDITIONS = DEBUG;
				SWIFT_OPTIMIZATION_LEVEL = "-Onone";
			};
			name = Debug;
		};
		DE591B9823FA100600E68BA7 /* Release */ = {
			isa = XCBuildConfiguration;
			buildSettings = {
				ALWAYS_SEARCH_USER_PATHS = NO;
				CLANG_ANALYZER_NONNULL = YES;
				CLANG_ANALYZER_NUMBER_OBJECT_CONVERSION = YES_AGGRESSIVE;
				CLANG_CXX_LANGUAGE_STANDARD = "gnu++14";
				CLANG_CXX_LIBRARY = "libc++";
				CLANG_ENABLE_MODULES = YES;
				CLANG_ENABLE_OBJC_ARC = YES;
				CLANG_ENABLE_OBJC_WEAK = YES;
				CLANG_WARN_BLOCK_CAPTURE_AUTORELEASING = YES;
				CLANG_WARN_BOOL_CONVERSION = YES;
				CLANG_WARN_COMMA = YES;
				CLANG_WARN_CONSTANT_CONVERSION = YES;
				CLANG_WARN_DEPRECATED_OBJC_IMPLEMENTATIONS = YES;
				CLANG_WARN_DIRECT_OBJC_ISA_USAGE = YES_ERROR;
				CLANG_WARN_DOCUMENTATION_COMMENTS = YES;
				CLANG_WARN_EMPTY_BODY = YES;
				CLANG_WARN_ENUM_CONVERSION = YES;
				CLANG_WARN_INFINITE_RECURSION = YES;
				CLANG_WARN_INT_CONVERSION = YES;
				CLANG_WARN_NON_LITERAL_NULL_CONVERSION = YES;
				CLANG_WARN_OBJC_IMPLICIT_RETAIN_SELF = YES;
				CLANG_WARN_OBJC_LITERAL_CONVERSION = YES;
				CLANG_WARN_OBJC_ROOT_CLASS = YES_ERROR;
				CLANG_WARN_RANGE_LOOP_ANALYSIS = YES;
				CLANG_WARN_STRICT_PROTOTYPES = YES;
				CLANG_WARN_SUSPICIOUS_MOVE = YES;
				CLANG_WARN_UNGUARDED_AVAILABILITY = YES_AGGRESSIVE;
				CLANG_WARN_UNREACHABLE_CODE = YES;
				CLANG_WARN__DUPLICATE_METHOD_MATCH = YES;
				COPY_PHASE_STRIP = NO;
				DEBUG_INFORMATION_FORMAT = "dwarf-with-dsym";
				ENABLE_NS_ASSERTIONS = NO;
				ENABLE_STRICT_OBJC_MSGSEND = YES;
				GCC_C_LANGUAGE_STANDARD = gnu11;
				GCC_NO_COMMON_BLOCKS = YES;
				GCC_WARN_64_TO_32_BIT_CONVERSION = YES;
				GCC_WARN_ABOUT_RETURN_TYPE = YES_ERROR;
				GCC_WARN_UNDECLARED_SELECTOR = YES;
				GCC_WARN_UNINITIALIZED_AUTOS = YES_AGGRESSIVE;
				GCC_WARN_UNUSED_FUNCTION = YES;
				GCC_WARN_UNUSED_VARIABLE = YES;
				IPHONEOS_DEPLOYMENT_TARGET = 13.1;
				MTL_ENABLE_DEBUG_INFO = NO;
				MTL_FAST_MATH = YES;
				SDKROOT = iphoneos;
				SWIFT_COMPILATION_MODE = wholemodule;
				SWIFT_OPTIMIZATION_LEVEL = "-O";
				VALIDATE_PRODUCT = YES;
			};
			name = Release;
		};
		DE591B9A23FA100600E68BA7 /* Debug */ = {
			isa = XCBuildConfiguration;
			baseConfigurationReference = CB1CA6663338A4BACF3DFAE5 /* Pods-elmenus.debug.xcconfig */;
			buildSettings = {
				ASSETCATALOG_COMPILER_APPICON_NAME = AppIcon;
				CODE_SIGN_STYLE = Automatic;
				INFOPLIST_FILE = elmenus/Info.plist;
				LD_RUNPATH_SEARCH_PATHS = (
					"$(inherited)",
					"@executable_path/Frameworks",
				);
				PRODUCT_BUNDLE_IDENTIFIER = com.madian.elmenus;
				PRODUCT_NAME = "$(TARGET_NAME)";
				SWIFT_VERSION = 5.0;
				TARGETED_DEVICE_FAMILY = "1,2";
			};
			name = Debug;
		};
		DE591B9B23FA100600E68BA7 /* Release */ = {
			isa = XCBuildConfiguration;
			baseConfigurationReference = B8FDB06EF1727B77BB2C70A0 /* Pods-elmenus.release.xcconfig */;
			buildSettings = {
				ASSETCATALOG_COMPILER_APPICON_NAME = AppIcon;
				CODE_SIGN_STYLE = Automatic;
				INFOPLIST_FILE = elmenus/Info.plist;
				LD_RUNPATH_SEARCH_PATHS = (
					"$(inherited)",
					"@executable_path/Frameworks",
				);
				PRODUCT_BUNDLE_IDENTIFIER = com.madian.elmenus;
				PRODUCT_NAME = "$(TARGET_NAME)";
				SWIFT_VERSION = 5.0;
				TARGETED_DEVICE_FAMILY = "1,2";
			};
			name = Release;
		};
/* End XCBuildConfiguration section */

/* Begin XCConfigurationList section */
		DE591B8023FA100500E68BA7 /* Build configuration list for PBXProject "elmenus" */ = {
			isa = XCConfigurationList;
			buildConfigurations = (
				DE591B9723FA100600E68BA7 /* Debug */,
				DE591B9823FA100600E68BA7 /* Release */,
			);
			defaultConfigurationIsVisible = 0;
			defaultConfigurationName = Release;
		};
		DE591B9923FA100600E68BA7 /* Build configuration list for PBXNativeTarget "elmenus" */ = {
			isa = XCConfigurationList;
			buildConfigurations = (
				DE591B9A23FA100600E68BA7 /* Debug */,
				DE591B9B23FA100600E68BA7 /* Release */,
			);
			defaultConfigurationIsVisible = 0;
			defaultConfigurationName = Release;
		};
/* End XCConfigurationList section */
	};
	rootObject = DE591B7D23FA100500E68BA7 /* Project object */;
}
